
Microsoft Visual Studio Solution File, Format Version 12.00
# Visual Studio Version 17
VisualStudioVersion = 17.7.34003.232
MinimumVisualStudioVersion = 10.0.40219.1
Project("{2150E333-8FDC-42A3-9474-1A3956D46DE8}") = "src", "src", "{E5D8BBC1-248E-47FE-854D-90DA2A18BC4F}"
EndProject
Project("{9A19103F-16F7-4668-BE54-9A1E7A4F7556}") = "InvScanPro", "src\InvScanPro\InvScanPro.csproj", "{495BE1DA-E864-44A8-A5CA-EA209D6657CA}"
EndProject
Global
	GlobalSection(SolutionConfigurationPlatforms) = preSolution
		Debug|Any CPU = Debug|Any CPU
		Release|Any CPU = Release|Any CPU
	EndGlobalSection
	GlobalSection(ProjectConfigurationPlatforms) = postSolution
		{495BE1DA-E864-44A8-A5CA-EA209D6657CA}.Debug|Any CPU.ActiveCfg = Debug|Any CPU
		{495BE1DA-E864-44A8-A5CA-EA209D6657CA}.Debug|Any CPU.Build.0 = Debug|Any CPU
		{495BE1DA-E864-44A8-A5CA-EA209D6657CA}.Debug|Any CPU.Deploy.0 = Debug|Any CPU
		{495BE1DA-E864-44A8-A5CA-EA209D6657CA}.Release|Any CPU.ActiveCfg = Release|Any CPU
		{495BE1DA-E864-44A8-A5CA-EA209D6657CA}.Release|Any CPU.Build.0 = Release|Any CPU
		{495BE1DA-E864-44A8-A5CA-EA209D6657CA}.Release|Any CPU.Deploy.0 = Release|Any CPU
	EndGlobalSection
	GlobalSection(SolutionProperties) = preSolution
		HideSolutionNode = FALSE
	EndGlobalSection
	GlobalSection(NestedProjects) = preSolution
		{495BE1DA-E864-44A8-A5CA-EA209D6657CA} = {E5D8BBC1-248E-47FE-854D-90DA2A18BC4F}
	EndGlobalSection
	GlobalSection(ExtensibilityGlobals) = postSolution
		SolutionGuid = {A7BA6AF8-BB7C-41D7-A7F6-389819A667A9}
	EndGlobalSection
EndGlobal
